
Microsoft Visual Studio Solution File, Format Version 12.00
# Visual Studio Version 16
VisualStudioVersion = 16.0.28917.181
MinimumVisualStudioVersion = 10.0.40219.1
Project("{9A19103F-16F7-4668-BE54-9A1E7A4F7556}") = "SteamIdler", "SteamIdler\SteamIdler.csproj", "{DD05536A-A4BC-4520-94B1-A99DBC96999A}"
EndProject
Project("{9A19103F-16F7-4668-BE54-9A1E7A4F7556}") = "SteamIdler.Infrastructure", "SteamIdler.Infrastructure\SteamIdler.Infrastructure.csproj", "{CFF44D0A-48F3-495E-B440-C87163042DE3}"
EndProject
Project("{9A19103F-16F7-4668-BE54-9A1E7A4F7556}") = "SteamIdler.Infrastructure.Tests", "SteamIdler.Infrastructure.Tests\SteamIdler.Infrastructure.Tests.csproj", "{E0F5F3B2-7BE4-4E49-B94B-DF28C63094B3}"
EndProject
Global
	GlobalSection(SolutionConfigurationPlatforms) = preSolution
		Debug|Any CPU = Debug|Any CPU
		Debug|ARM = Debug|ARM
		Debug|iPhone = Debug|iPhone
		Debug|iPhoneSimulator = Debug|iPhoneSimulator
		Debug|x64 = Debug|x64
		Debug|x86 = Debug|x86
		Release|Any CPU = Release|Any CPU
		Release|ARM = Release|ARM
		Release|iPhone = Release|iPhone
		Release|iPhoneSimulator = Release|iPhoneSimulator
		Release|x64 = Release|x64
		Release|x86 = Release|x86
	EndGlobalSection
	GlobalSection(ProjectConfigurationPlatforms) = postSolution
		{DD05536A-A4BC-4520-94B1-A99DBC96999A}.Debug|Any CPU.ActiveCfg = Debug|Any CPU
		{DD05536A-A4BC-4520-94B1-A99DBC96999A}.Debug|Any CPU.Build.0 = Debug|Any CPU
		{DD05536A-A4BC-4520-94B1-A99DBC96999A}.Debug|ARM.ActiveCfg = Debug|Any CPU
		{DD05536A-A4BC-4520-94B1-A99DBC96999A}.Debug|ARM.Build.0 = Debug|Any CPU
		{DD05536A-A4BC-4520-94B1-A99DBC96999A}.Debug|iPhone.ActiveCfg = Debug|Any CPU
		{DD05536A-A4BC-4520-94B1-A99DBC96999A}.Debug|iPhone.Build.0 = Debug|Any CPU
		{DD05536A-A4BC-4520-94B1-A99DBC96999A}.Debug|iPhoneSimulator.ActiveCfg = Debug|Any CPU
		{DD05536A-A4BC-4520-94B1-A99DBC96999A}.Debug|iPhoneSimulator.Build.0 = Debug|Any CPU
		{DD05536A-A4BC-4520-94B1-A99DBC96999A}.Debug|x64.ActiveCfg = Debug|Any CPU
		{DD05536A-A4BC-4520-94B1-A99DBC96999A}.Debug|x64.Build.0 = Debug|Any CPU
		{DD05536A-A4BC-4520-94B1-A99DBC96999A}.Debug|x86.ActiveCfg = Debug|Any CPU
		{DD05536A-A4BC-4520-94B1-A99DBC96999A}.Debug|x86.Build.0 = Debug|Any CPU
		{DD05536A-A4BC-4520-94B1-A99DBC96999A}.Release|Any CPU.ActiveCfg = Release|Any CPU
		{DD05536A-A4BC-4520-94B1-A99DBC96999A}.Release|Any CPU.Build.0 = Release|Any CPU
		{DD05536A-A4BC-4520-94B1-A99DBC96999A}.Release|ARM.ActiveCfg = Release|Any CPU
		{DD05536A-A4BC-4520-94B1-A99DBC96999A}.Release|ARM.Build.0 = Release|Any CPU
		{DD05536A-A4BC-4520-94B1-A99DBC96999A}.Release|iPhone.ActiveCfg = Release|Any CPU
		{DD05536A-A4BC-4520-94B1-A99DBC96999A}.Release|iPhone.Build.0 = Release|Any CPU
		{DD05536A-A4BC-4520-94B1-A99DBC96999A}.Release|iPhoneSimulator.ActiveCfg = Release|Any CPU
		{DD05536A-A4BC-4520-94B1-A99DBC96999A}.Release|iPhoneSimulator.Build.0 = Release|Any CPU
		{DD05536A-A4BC-4520-94B1-A99DBC96999A}.Release|x64.ActiveCfg = Release|Any CPU
		{DD05536A-A4BC-4520-94B1-A99DBC96999A}.Release|x64.Build.0 = Release|Any CPU
		{DD05536A-A4BC-4520-94B1-A99DBC96999A}.Release|x86.ActiveCfg = Release|Any CPU
		{DD05536A-A4BC-4520-94B1-A99DBC96999A}.Release|x86.Build.0 = Release|Any CPU
		{CFF44D0A-48F3-495E-B440-C87163042DE3}.Debug|Any CPU.ActiveCfg = Debug|Any CPU
		{CFF44D0A-48F3-495E-B440-C87163042DE3}.Debug|Any CPU.Build.0 = Debug|Any CPU
		{CFF44D0A-48F3-495E-B440-C87163042DE3}.Debug|ARM.ActiveCfg = Debug|Any CPU
		{CFF44D0A-48F3-495E-B440-C87163042DE3}.Debug|ARM.Build.0 = Debug|Any CPU
		{CFF44D0A-48F3-495E-B440-C87163042DE3}.Debug|iPhone.ActiveCfg = Debug|Any CPU
		{CFF44D0A-48F3-495E-B440-C87163042DE3}.Debug|iPhone.Build.0 = Debug|Any CPU
		{CFF44D0A-48F3-495E-B440-C87163042DE3}.Debug|iPhoneSimulator.ActiveCfg = Debug|Any CPU
		{CFF44D0A-48F3-495E-B440-C87163042DE3}.Debug|iPhoneSimulator.Build.0 = Debug|Any CPU
		{CFF44D0A-48F3-495E-B440-C87163042DE3}.Debug|x64.ActiveCfg = Debug|Any CPU
		{CFF44D0A-48F3-495E-B440-C87163042DE3}.Debug|x64.Build.0 = Debug|Any CPU
		{CFF44D0A-48F3-495E-B440-C87163042DE3}.Debug|x86.ActiveCfg = Debug|Any CPU
		{CFF44D0A-48F3-495E-B440-C87163042DE3}.Debug|x86.Build.0 = Debug|Any CPU
		{CFF44D0A-48F3-495E-B440-C87163042DE3}.Release|Any CPU.ActiveCfg = Release|Any CPU
		{CFF44D0A-48F3-495E-B440-C87163042DE3}.Release|Any CPU.Build.0 = Release|Any CPU
		{CFF44D0A-48F3-495E-B440-C87163042DE3}.Release|ARM.ActiveCfg = Release|Any CPU
		{CFF44D0A-48F3-495E-B440-C87163042DE3}.Release|ARM.Build.0 = Release|Any CPU
		{CFF44D0A-48F3-495E-B440-C87163042DE3}.Release|iPhone.ActiveCfg = Release|Any CPU
		{CFF44D0A-48F3-495E-B440-C87163042DE3}.Release|iPhone.Build.0 = Release|Any CPU
		{CFF44D0A-48F3-495E-B440-C87163042DE3}.Release|iPhoneSimulator.ActiveCfg = Release|Any CPU
		{CFF44D0A-48F3-495E-B440-C87163042DE3}.Release|iPhoneSimulator.Build.0 = Release|Any CPU
		{CFF44D0A-48F3-495E-B440-C87163042DE3}.Release|x64.ActiveCfg = Release|Any CPU
		{CFF44D0A-48F3-495E-B440-C87163042DE3}.Release|x64.Build.0 = Release|Any CPU
		{CFF44D0A-48F3-495E-B440-C87163042DE3}.Release|x86.ActiveCfg = Release|Any CPU
		{CFF44D0A-48F3-495E-B440-C87163042DE3}.Release|x86.Build.0 = Release|Any CPU
		{E0F5F3B2-7BE4-4E49-B94B-DF28C63094B3}.Debug|Any CPU.ActiveCfg = Debug|Any CPU
		{E0F5F3B2-7BE4-4E49-B94B-DF28C63094B3}.Debug|Any CPU.Build.0 = Debug|Any CPU
		{E0F5F3B2-7BE4-4E49-B94B-DF28C63094B3}.Debug|ARM.ActiveCfg = Debug|Any CPU
		{E0F5F3B2-7BE4-4E49-B94B-DF28C63094B3}.Debug|ARM.Build.0 = Debug|Any CPU
		{E0F5F3B2-7BE4-4E49-B94B-DF28C63094B3}.Debug|iPhone.ActiveCfg = Debug|Any CPU
		{E0F5F3B2-7BE4-4E49-B94B-DF28C63094B3}.Debug|iPhone.Build.0 = Debug|Any CPU
		{E0F5F3B2-7BE4-4E49-B94B-DF28C63094B3}.Debug|iPhoneSimulator.ActiveCfg = Debug|Any CPU
		{E0F5F3B2-7BE4-4E49-B94B-DF28C63094B3}.Debug|iPhoneSimulator.Build.0 = Debug|Any CPU
		{E0F5F3B2-7BE4-4E49-B94B-DF28C63094B3}.Debug|x64.ActiveCfg = Debug|Any CPU
		{E0F5F3B2-7BE4-4E49-B94B-DF28C63094B3}.Debug|x64.Build.0 = Debug|Any CPU
		{E0F5F3B2-7BE4-4E49-B94B-DF28C63094B3}.Debug|x86.ActiveCfg = Debug|Any CPU
		{E0F5F3B2-7BE4-4E49-B94B-DF28C63094B3}.Debug|x86.Build.0 = Debug|Any CPU
		{E0F5F3B2-7BE4-4E49-B94B-DF28C63094B3}.Release|Any CPU.ActiveCfg = Release|Any CPU
		{E0F5F3B2-7BE4-4E49-B94B-DF28C63094B3}.Release|Any CPU.Build.0 = Release|Any CPU
		{E0F5F3B2-7BE4-4E49-B94B-DF28C63094B3}.Release|ARM.ActiveCfg = Release|Any CPU
		{E0F5F3B2-7BE4-4E49-B94B-DF28C63094B3}.Release|ARM.Build.0 = Release|Any CPU
		{E0F5F3B2-7BE4-4E49-B94B-DF28C63094B3}.Release|iPhone.ActiveCfg = Release|Any CPU
		{E0F5F3B2-7BE4-4E49-B94B-DF28C63094B3}.Release|iPhone.Build.0 = Release|Any CPU
		{E0F5F3B2-7BE4-4E49-B94B-DF28C63094B3}.Release|iPhoneSimulator.ActiveCfg = Release|Any CPU
		{E0F5F3B2-7BE4-4E49-B94B-DF28C63094B3}.Release|iPhoneSimulator.Build.0 = Release|Any CPU
		{E0F5F3B2-7BE4-4E49-B94B-DF28C63094B3}.Release|x64.ActiveCfg = Release|Any CPU
		{E0F5F3B2-7BE4-4E49-B94B-DF28C63094B3}.Release|x64.Build.0 = Release|Any CPU
		{E0F5F3B2-7BE4-4E49-B94B-DF28C63094B3}.Release|x86.ActiveCfg = Release|Any CPU
		{E0F5F3B2-7BE4-4E49-B94B-DF28C63094B3}.Release|x86.Build.0 = Release|Any CPU
	EndGlobalSection
	GlobalSection(SolutionProperties) = preSolution
		HideSolutionNode = FALSE
	EndGlobalSection
	GlobalSection(ExtensibilityGlobals) = postSolution
		SolutionGuid = {A0253FAE-BAB7-4850-9B26-3E3BCCCFA050}
	EndGlobalSection
EndGlobal
